
Microsoft Visual Studio Solution File, Format Version 12.00
# Visual Studio 15
VisualStudioVersion = 15.0.28307.421
MinimumVisualStudioVersion = 10.0.40219.1
Project("{FAE04EC0-301F-11D3-BF4B-00C04F79EFBC}") = "FantasyLibrary", "FantasyLibrary\FantasyLibrary.csproj", "{94A43F95-9207-47D6-861C-45C4F528B44C}"
EndProject
Global
	GlobalSection(SolutionConfigurationPlatforms) = preSolution
		Debug|Any CPU = Debug|Any CPU
		Release|Any CPU = Release|Any CPU
	EndGlobalSection
	GlobalSection(ProjectConfigurationPlatforms) = postSolution
		{94A43F95-9207-47D6-861C-45C4F528B44C}.Debug|Any CPU.ActiveCfg = Debug|Any CPU
		{94A43F95-9207-47D6-861C-45C4F528B44C}.Debug|Any CPU.Build.0 = Debug|Any CPU
		{94A43F95-9207-47D6-861C-45C4F528B44C}.Release|Any CPU.ActiveCfg = Release|Any CPU
		{94A43F95-9207-47D6-861C-45C4F528B44C}.Release|Any CPU.Build.0 = Release|Any CPU
	EndGlobalSection
	GlobalSection(SolutionProperties) = preSolution
		HideSolutionNode = FALSE
	EndGlobalSection
	GlobalSection(ExtensibilityGlobals) = postSolution
		SolutionGuid = {A2FDC968-BA73-4E1F-A09D-BC25D1F6B76A}
	EndGlobalSection
EndGlobal
